// !$*UTF8*$!
{
	archiveVersion = 1;
	classes = {
	};
	objectVersion = 50;
	objects = {

/* Begin PBXBuildFile section */
		260F0F4A23536181001F8F75 /* AppDelegate.swift in Sources */ = {isa = PBXBuildFile; fileRef = 260F0F4923536181001F8F75 /* AppDelegate.swift */; };
		260F0F4C23536182001F8F75 /* SceneDelegate.swift in Sources */ = {isa = PBXBuildFile; fileRef = 260F0F4B23536182001F8F75 /* SceneDelegate.swift */; };
		260F0F4E23536182001F8F75 /* ContentView.swift in Sources */ = {isa = PBXBuildFile; fileRef = 260F0F4D23536182001F8F75 /* ContentView.swift */; };
		260F0F5023536185001F8F75 /* Assets.xcassets in Resources */ = {isa = PBXBuildFile; fileRef = 260F0F4F23536185001F8F75 /* Assets.xcassets */; };
		260F0F5323536185001F8F75 /* Preview Assets.xcassets in Resources */ = {isa = PBXBuildFile; fileRef = 260F0F5223536185001F8F75 /* Preview Assets.xcassets */; };
		260F0F5623536185001F8F75 /* LaunchScreen.storyboard in Resources */ = {isa = PBXBuildFile; fileRef = 260F0F5423536185001F8F75 /* LaunchScreen.storyboard */; };
		263C842624775C0F006469C3 /* Localizable.strings in Resources */ = {isa = PBXBuildFile; fileRef = 263C842824775C0F006469C3 /* Localizable.strings */; };
		263C843324775DF3006469C3 /* Translation.swift in Sources */ = {isa = PBXBuildFile; fileRef = 263C843224775DF3006469C3 /* Translation.swift */; };
		266BCE9E2475EDD200589D14 /* BlardenButton.swift in Sources */ = {isa = PBXBuildFile; fileRef = 266BCE9D2475EDD200589D14 /* BlardenButton.swift */; };
		2678A19723536D3C00B49CCF /* OpenDoorRequest.swift in Sources */ = {isa = PBXBuildFile; fileRef = 2678A19623536D3C00B49CCF /* OpenDoorRequest.swift */; };
		267970E124705CC900253A89 /* BlardenButtonStyle.swift in Sources */ = {isa = PBXBuildFile; fileRef = 267970E024705CC900253A89 /* BlardenButtonStyle.swift */; };
		26A0BDBD24774DC40005D202 /* Authenticate.swift in Sources */ = {isa = PBXBuildFile; fileRef = 26A0BDBC24774DC40005D202 /* Authenticate.swift */; };
/* End PBXBuildFile section */

/* Begin PBXFileReference section */
		260F0F4623536181001F8F75 /* blarden.app */ = {isa = PBXFileReference; explicitFileType = wrapper.application; includeInIndex = 0; path = blarden.app; sourceTree = BUILT_PRODUCTS_DIR; };
		260F0F4923536181001F8F75 /* AppDelegate.swift */ = {isa = PBXFileReference; lastKnownFileType = sourcecode.swift; path = AppDelegate.swift; sourceTree = "<group>"; };
		260F0F4B23536182001F8F75 /* SceneDelegate.swift */ = {isa = PBXFileReference; lastKnownFileType = sourcecode.swift; path = SceneDelegate.swift; sourceTree = "<group>"; };
		260F0F4D23536182001F8F75 /* ContentView.swift */ = {isa = PBXFileReference; lastKnownFileType = sourcecode.swift; path = ContentView.swift; sourceTree = "<group>"; };
		260F0F4F23536185001F8F75 /* Assets.xcassets */ = {isa = PBXFileReference; lastKnownFileType = folder.assetcatalog; path = Assets.xcassets; sourceTree = "<group>"; };
		260F0F5223536185001F8F75 /* Preview Assets.xcassets */ = {isa = PBXFileReference; lastKnownFileType = folder.assetcatalog; path = "Preview Assets.xcassets"; sourceTree = "<group>"; };
		260F0F5523536185001F8F75 /* Base */ = {isa = PBXFileReference; lastKnownFileType = file.storyboard; name = Base; path = Base.lproj/LaunchScreen.storyboard; sourceTree = "<group>"; };
		260F0F5723536185001F8F75 /* Info.plist */ = {isa = PBXFileReference; lastKnownFileType = text.plist.xml; path = Info.plist; sourceTree = "<group>"; };
		263C842724775C0F006469C3 /* en */ = {isa = PBXFileReference; fileEncoding = 4; lastKnownFileType = text.plist.strings; name = en; path = en.lproj/Localizable.strings; sourceTree = "<group>"; };
		263C842E24775C81006469C3 /* pt-PT */ = {isa = PBXFileReference; lastKnownFileType = text.plist.strings; name = "pt-PT"; path = "pt-PT.lproj/LaunchScreen.strings"; sourceTree = "<group>"; };
		263C842F24775C81006469C3 /* pt-PT */ = {isa = PBXFileReference; fileEncoding = 4; lastKnownFileType = text.plist.strings; name = "pt-PT"; path = "pt-PT.lproj/Localizable.strings"; sourceTree = "<group>"; };
		263C843224775DF3006469C3 /* Translation.swift */ = {isa = PBXFileReference; lastKnownFileType = sourcecode.swift; path = Translation.swift; sourceTree = "<group>"; };
		266BCE9D2475EDD200589D14 /* BlardenButton.swift */ = {isa = PBXFileReference; lastKnownFileType = sourcecode.swift; path = BlardenButton.swift; sourceTree = "<group>"; };
		2678A19623536D3C00B49CCF /* OpenDoorRequest.swift */ = {isa = PBXFileReference; lastKnownFileType = sourcecode.swift; path = OpenDoorRequest.swift; sourceTree = "<group>"; };
		267970E024705CC900253A89 /* BlardenButtonStyle.swift */ = {isa = PBXFileReference; fileEncoding = 4; lastKnownFileType = sourcecode.swift; path = BlardenButtonStyle.swift; sourceTree = "<group>"; };
		26A0BDBC24774DC40005D202 /* Authenticate.swift */ = {isa = PBXFileReference; lastKnownFileType = sourcecode.swift; path = Authenticate.swift; sourceTree = "<group>"; };
/* End PBXFileReference section */

/* Begin PBXFrameworksBuildPhase section */
		260F0F4323536181001F8F75 /* Frameworks */ = {
			isa = PBXFrameworksBuildPhase;
			buildActionMask = 2147483647;
			files = (
			);
			runOnlyForDeploymentPostprocessing = 0;
		};
/* End PBXFrameworksBuildPhase section */

/* Begin PBXGroup section */
		260F0F3D23536181001F8F75 = {
			isa = PBXGroup;
			children = (
				260F0F4823536181001F8F75 /* blarden */,
				260F0F4723536181001F8F75 /* Products */,
			);
			sourceTree = "<group>";
		};
		260F0F4723536181001F8F75 /* Products */ = {
			isa = PBXGroup;
			children = (
				260F0F4623536181001F8F75 /* blarden.app */,
			);
			name = Products;
			sourceTree = "<group>";
		};
		260F0F4823536181001F8F75 /* blarden */ = {
			isa = PBXGroup;
			children = (
				267970D5246F4D4600253A89 /* model */,
				267970D6246F4D4D00253A89 /* view */,
				267970D7246F4D5100253A89 /* controller */,
				260F0F4F23536185001F8F75 /* Assets.xcassets */,
				260F0F5423536185001F8F75 /* LaunchScreen.storyboard */,
				260F0F5723536185001F8F75 /* Info.plist */,
				260F0F5123536185001F8F75 /* Preview Content */,
				263C842824775C0F006469C3 /* Localizable.strings */,
			);
			path = blarden;
			sourceTree = "<group>";
		};
		260F0F5123536185001F8F75 /* Preview Content */ = {
			isa = PBXGroup;
			children = (
				260F0F5223536185001F8F75 /* Preview Assets.xcassets */,
			);
			path = "Preview Content";
			sourceTree = "<group>";
		};
		267970D5246F4D4600253A89 /* model */ = {
			isa = PBXGroup;
			children = (
				260F0F4923536181001F8F75 /* AppDelegate.swift */,
				260F0F4B23536182001F8F75 /* SceneDelegate.swift */,
				266BCE9D2475EDD200589D14 /* BlardenButton.swift */,
				263C843224775DF3006469C3 /* Translation.swift */,
			);
			path = model;
			sourceTree = "<group>";
		};
		267970D6246F4D4D00253A89 /* view */ = {
			isa = PBXGroup;
			children = (
				267970E024705CC900253A89 /* BlardenButtonStyle.swift */,
				260F0F4D23536182001F8F75 /* ContentView.swift */,
			);
			path = view;
			sourceTree = "<group>";
		};
		267970D7246F4D5100253A89 /* controller */ = {
			isa = PBXGroup;
			children = (
				2678A19623536D3C00B49CCF /* OpenDoorRequest.swift */,
				26A0BDBC24774DC40005D202 /* Authenticate.swift */,
			);
			path = controller;
			sourceTree = "<group>";
		};
/* End PBXGroup section */

/* Begin PBXNativeTarget section */
		260F0F4523536181001F8F75 /* blarden */ = {
			isa = PBXNativeTarget;
			buildConfigurationList = 260F0F5A23536185001F8F75 /* Build configuration list for PBXNativeTarget "blarden" */;
			buildPhases = (
				260F0F4223536181001F8F75 /* Sources */,
				260F0F4323536181001F8F75 /* Frameworks */,
				260F0F4423536181001F8F75 /* Resources */,
				2645A85924767CB90072638B /* ShellScript */,
			);
			buildRules = (
			);
			dependencies = (
			);
			name = blarden;
			productName = blarden;
			productReference = 260F0F4623536181001F8F75 /* blarden.app */;
			productType = "com.apple.product-type.application";
		};
/* End PBXNativeTarget section */

/* Begin PBXProject section */
		260F0F3E23536181001F8F75 /* Project object */ = {
			isa = PBXProject;
			attributes = {
				LastSwiftUpdateCheck = 1110;
				LastUpgradeCheck = 1110;
				ORGANIZATIONNAME = "Rafael Almeida";
				TargetAttributes = {
					260F0F4523536181001F8F75 = {
						CreatedOnToolsVersion = 11.1;
					};
				};
			};
			buildConfigurationList = 260F0F4123536181001F8F75 /* Build configuration list for PBXProject "blarden" */;
			compatibilityVersion = "Xcode 9.3";
			developmentRegion = en;
			hasScannedForEncodings = 0;
			knownRegions = (
				en,
				Base,
				"pt-PT",
			);
			mainGroup = 260F0F3D23536181001F8F75;
			productRefGroup = 260F0F4723536181001F8F75 /* Products */;
			projectDirPath = "";
			projectRoot = "";
			targets = (
				260F0F4523536181001F8F75 /* blarden */,
			);
		};
/* End PBXProject section */

/* Begin PBXResourcesBuildPhase section */
		260F0F4423536181001F8F75 /* Resources */ = {
			isa = PBXResourcesBuildPhase;
			buildActionMask = 2147483647;
			files = (
				260F0F5623536185001F8F75 /* LaunchScreen.storyboard in Resources */,
				263C842624775C0F006469C3 /* Localizable.strings in Resources */,
				260F0F5323536185001F8F75 /* Preview Assets.xcassets in Resources */,
				260F0F5023536185001F8F75 /* Assets.xcassets in Resources */,
			);
			runOnlyForDeploymentPostprocessing = 0;
		};
/* End PBXResourcesBuildPhase section */

/* Begin PBXShellScriptBuildPhase section */
		2645A85924767CB90072638B /* ShellScript */ = {
			isa = PBXShellScriptBuildPhase;
			buildActionMask = 2147483647;
			files = (
			);
			inputFileListPaths = (
			);
			inputPaths = (
			);
			outputFileListPaths = (
			);
			outputPaths = (
			);
			runOnlyForDeploymentPostprocessing = 0;
			shellPath = /bin/sh;
			shellScript = "buildNumber=$(/usr/libexec/PlistBuddy -c \"Print CFBundleVersion\" \"${PROJECT_DIR}/${INFOPLIST_FILE}\")\nbuildNumber=$(($buildNumber + 1))\n/usr/libexec/PlistBuddy -c \"Set :CFBundleVersion $buildNumber\" \"${PROJECT_DIR}/${INFOPLIST_FILE}\"\n";
		};
/* End PBXShellScriptBuildPhase section */

/* Begin PBXSourcesBuildPhase section */
		260F0F4223536181001F8F75 /* Sources */ = {
			isa = PBXSourcesBuildPhase;
			buildActionMask = 2147483647;
			files = (
				266BCE9E2475EDD200589D14 /* BlardenButton.swift in Sources */,
				26A0BDBD24774DC40005D202 /* Authenticate.swift in Sources */,
				260F0F4A23536181001F8F75 /* AppDelegate.swift in Sources */,
				263C843324775DF3006469C3 /* Translation.swift in Sources */,
				260F0F4C23536182001F8F75 /* SceneDelegate.swift in Sources */,
				260F0F4E23536182001F8F75 /* ContentView.swift in Sources */,
				267970E124705CC900253A89 /* BlardenButtonStyle.swift in Sources */,
				2678A19723536D3C00B49CCF /* OpenDoorRequest.swift in Sources */,
			);
			runOnlyForDeploymentPostprocessing = 0;
		};
/* End PBXSourcesBuildPhase section */

/* Begin PBXVariantGroup section */
		260F0F5423536185001F8F75 /* LaunchScreen.storyboard */ = {
			isa = PBXVariantGroup;
			children = (
				260F0F5523536185001F8F75 /* Base */,
				263C842E24775C81006469C3 /* pt-PT */,
			);
			name = LaunchScreen.storyboard;
			sourceTree = "<group>";
		};
		263C842824775C0F006469C3 /* Localizable.strings */ = {
			isa = PBXVariantGroup;
			children = (
				263C842724775C0F006469C3 /* en */,
				263C842F24775C81006469C3 /* pt-PT */,
			);
			name = Localizable.strings;
			sourceTree = "<group>";
		};
/* End PBXVariantGroup section */

/* Begin XCBuildConfiguration section */
		260F0F5823536185001F8F75 /* Debug */ = {
			isa = XCBuildConfiguration;
			buildSettings = {
				ALWAYS_SEARCH_USER_PATHS = NO;
				CLANG_ANALYZER_LOCALIZABILITY_NONLOCALIZED = YES;
				CLANG_ANALYZER_NONNULL = YES;
				CLANG_ANALYZER_NUMBER_OBJECT_CONVERSION = YES_AGGRESSIVE;
				CLANG_CXX_LANGUAGE_STANDARD = "gnu++14";
				CLANG_CXX_LIBRARY = "libc++";
				CLANG_ENABLE_MODULES = YES;
				CLANG_ENABLE_OBJC_ARC = YES;
				CLANG_ENABLE_OBJC_WEAK = YES;
				CLANG_WARN_BLOCK_CAPTURE_AUTORELEASING = YES;
				CLANG_WARN_BOOL_CONVERSION = YES;
				CLANG_WARN_COMMA = YES;
				CLANG_WARN_CONSTANT_CONVERSION = YES;
				CLANG_WARN_DEPRECATED_OBJC_IMPLEMENTATIONS = YES;
				CLANG_WARN_DIRECT_OBJC_ISA_USAGE = YES_ERROR;
				CLANG_WARN_DOCUMENTATION_COMMENTS = YES;
				CLANG_WARN_EMPTY_BODY = YES;
				CLANG_WARN_ENUM_CONVERSION = YES;
				CLANG_WARN_INFINITE_RECURSION = YES;
				CLANG_WARN_INT_CONVERSION = YES;
				CLANG_WARN_NON_LITERAL_NULL_CONVERSION = YES;
				CLANG_WARN_OBJC_IMPLICIT_RETAIN_SELF = YES;
				CLANG_WARN_OBJC_LITERAL_CONVERSION = YES;
				CLANG_WARN_OBJC_ROOT_CLASS = YES_ERROR;
				CLANG_WARN_RANGE_LOOP_ANALYSIS = YES;
				CLANG_WARN_STRICT_PROTOTYPES = YES;
				CLANG_WARN_SUSPICIOUS_MOVE = YES;
				CLANG_WARN_UNGUARDED_AVAILABILITY = YES_AGGRESSIVE;
				CLANG_WARN_UNREACHABLE_CODE = YES;
				CLANG_WARN__DUPLICATE_METHOD_MATCH = YES;
				COPY_PHASE_STRIP = NO;
				DEBUG_INFORMATION_FORMAT = dwarf;
				ENABLE_STRICT_OBJC_MSGSEND = YES;
				ENABLE_TESTABILITY = YES;
				GCC_C_LANGUAGE_STANDARD = gnu11;
				GCC_DYNAMIC_NO_PIC = NO;
				GCC_NO_COMMON_BLOCKS = YES;
				GCC_OPTIMIZATION_LEVEL = 0;
				GCC_PREPROCESSOR_DEFINITIONS = (
					"DEBUG=1",
					"$(inherited)",
				);
				GCC_WARN_64_TO_32_BIT_CONVERSION = YES;
				GCC_WARN_ABOUT_RETURN_TYPE = YES_ERROR;
				GCC_WARN_UNDECLARED_SELECTOR = YES;
				GCC_WARN_UNINITIALIZED_AUTOS = YES_AGGRESSIVE;
				GCC_WARN_UNUSED_FUNCTION = YES;
				GCC_WARN_UNUSED_VARIABLE = YES;
				IPHONEOS_DEPLOYMENT_TARGET = 13.0;
				MTL_ENABLE_DEBUG_INFO = INCLUDE_SOURCE;
				MTL_FAST_MATH = YES;
				ONLY_ACTIVE_ARCH = YES;
				SDKROOT = iphoneos;
				SWIFT_ACTIVE_COMPILATION_CONDITIONS = DEBUG;
				SWIFT_OPTIMIZATION_LEVEL = "-Onone";
			};
			name = Debug;
		};
		260F0F5923536185001F8F75 /* Release */ = {
			isa = XCBuildConfiguration;
			buildSettings = {
				ALWAYS_SEARCH_USER_PATHS = NO;
				CLANG_ANALYZER_LOCALIZABILITY_NONLOCALIZED = YES;
				CLANG_ANALYZER_NONNULL = YES;
				CLANG_ANALYZER_NUMBER_OBJECT_CONVERSION = YES_AGGRESSIVE;
				CLANG_CXX_LANGUAGE_STANDARD = "gnu++14";
				CLANG_CXX_LIBRARY = "libc++";
				CLANG_ENABLE_MODULES = YES;
				CLANG_ENABLE_OBJC_ARC = YES;
				CLANG_ENABLE_OBJC_WEAK = YES;
				CLANG_WARN_BLOCK_CAPTURE_AUTORELEASING = YES;
				CLANG_WARN_BOOL_CONVERSION = YES;
				CLANG_WARN_COMMA = YES;
				CLANG_WARN_CONSTANT_CONVERSION = YES;
				CLANG_WARN_DEPRECATED_OBJC_IMPLEMENTATIONS = YES;
				CLANG_WARN_DIRECT_OBJC_ISA_USAGE = YES_ERROR;
				CLANG_WARN_DOCUMENTATION_COMMENTS = YES;
				CLANG_WARN_EMPTY_BODY = YES;
				CLANG_WARN_ENUM_CONVERSION = YES;
				CLANG_WARN_INFINITE_RECURSION = YES;
				CLANG_WARN_INT_CONVERSION = YES;
				CLANG_WARN_NON_LITERAL_NULL_CONVERSION = YES;
				CLANG_WARN_OBJC_IMPLICIT_RETAIN_SELF = YES;
				CLANG_WARN_OBJC_LITERAL_CONVERSION = YES;
				CLANG_WARN_OBJC_ROOT_CLASS = YES_ERROR;
				CLANG_WARN_RANGE_LOOP_ANALYSIS = YES;
				CLANG_WARN_STRICT_PROTOTYPES = YES;
				CLANG_WARN_SUSPICIOUS_MOVE = YES;
				CLANG_WARN_UNGUARDED_AVAILABILITY = YES_AGGRESSIVE;
				CLANG_WARN_UNREACHABLE_CODE = YES;
				CLANG_WARN__DUPLICATE_METHOD_MATCH = YES;
				COPY_PHASE_STRIP = NO;
				DEBUG_INFORMATION_FORMAT = "dwarf-with-dsym";
				ENABLE_NS_ASSERTIONS = NO;
				ENABLE_STRICT_OBJC_MSGSEND = YES;
				GCC_C_LANGUAGE_STANDARD = gnu11;
				GCC_NO_COMMON_BLOCKS = YES;
				GCC_WARN_64_TO_32_BIT_CONVERSION = YES;
				GCC_WARN_ABOUT_RETURN_TYPE = YES_ERROR;
				GCC_WARN_UNDECLARED_SELECTOR = YES;
				GCC_WARN_UNINITIALIZED_AUTOS = YES_AGGRESSIVE;
				GCC_WARN_UNUSED_FUNCTION = YES;
				GCC_WARN_UNUSED_VARIABLE = YES;
				IPHONEOS_DEPLOYMENT_TARGET = 13.0;
				MTL_ENABLE_DEBUG_INFO = NO;
				MTL_FAST_MATH = YES;
				SDKROOT = iphoneos;
				SWIFT_COMPILATION_MODE = wholemodule;
				SWIFT_OPTIMIZATION_LEVEL = "-O";
				VALIDATE_PRODUCT = YES;
			};
			name = Release;
		};
		260F0F5B23536185001F8F75 /* Debug */ = {
			isa = XCBuildConfiguration;
			buildSettings = {
				ASSETCATALOG_COMPILER_APPICON_NAME = AppIcon;
				CODE_SIGN_STYLE = Automatic;
				CURRENT_PROJECT_VERSION = 1;
				DEVELOPMENT_ASSET_PATHS = "\"blarden/Preview Content\"";
				DEVELOPMENT_TEAM = 698N4JU9B9;
				ENABLE_PREVIEWS = YES;
				INFOPLIST_FILE = blarden/Info.plist;
				LD_RUNPATH_SEARCH_PATHS = (
					"$(inherited)",
					"@executable_path/Frameworks",
				);
				MARKETING_VERSION = 2.0;
				PRODUCT_BUNDLE_IDENTIFIER = pt.rafaelalmeida.blarden;
				PRODUCT_NAME = "$(TARGET_NAME)";
				SWIFT_VERSION = 5.0;
				TARGETED_DEVICE_FAMILY = 1;
				VERSIONING_SYSTEM = "apple-generic";
			};
			name = Debug;
		};
		260F0F5C23536185001F8F75 /* Release */ = {
			isa = XCBuildConfiguration;
			buildSettings = {
				ASSETCATALOG_COMPILER_APPICON_NAME = AppIcon;
				CODE_SIGN_STYLE = Automatic;
				CURRENT_PROJECT_VERSION = 1;
				DEVELOPMENT_ASSET_PATHS = "\"blarden/Preview Content\"";
				DEVELOPMENT_TEAM = 698N4JU9B9;
				ENABLE_PREVIEWS = YES;
				INFOPLIST_FILE = blarden/Info.plist;
				LD_RUNPATH_SEARCH_PATHS = (
					"$(inherited)",
					"@executable_path/Frameworks",
				);
				MARKETING_VERSION = 2.0;
				PRODUCT_BUNDLE_IDENTIFIER = pt.rafaelalmeida.blarden;
				PRODUCT_NAME = "$(TARGET_NAME)";
				SWIFT_VERSION = 5.0;
				TARGETED_DEVICE_FAMILY = 1;
				VERSIONING_SYSTEM = "apple-generic";
			};
			name = Release;
		};
/* End XCBuildConfiguration section */

/* Begin XCConfigurationList section */
		260F0F4123536181001F8F75 /* Build configuration list for PBXProject "blarden" */ = {
			isa = XCConfigurationList;
			buildConfigurations = (
				260F0F5823536185001F8F75 /* Debug */,
				260F0F5923536185001F8F75 /* Release */,
			);
			defaultConfigurationIsVisible = 0;
			defaultConfigurationName = Release;
		};
		260F0F5A23536185001F8F75 /* Build configuration list for PBXNativeTarget "blarden" */ = {
			isa = XCConfigurationList;
			buildConfigurations = (
				260F0F5B23536185001F8F75 /* Debug */,
				260F0F5C23536185001F8F75 /* Release */,
			);
			defaultConfigurationIsVisible = 0;
			defaultConfigurationName = Release;
		};
/* End XCConfigurationList section */
	};
	rootObject = 260F0F3E23536181001F8F75 /* Project object */;
}
